# This file is automatically @generated by Cargo.
# It is not intended for manual editing.
[[package]]
name = "delay-queue"
version = "0.2.0"
source = "registry+https://github.com/rust-lang/crates.io-index"

[[package]]
name = "map_retry"
version = "0.1.2"
dependencies = [
 "delay-queue 0.2.0 (registry+https://github.com/rust-lang/crates.io-index)",
]

[metadata]
"checksum delay-queue 0.2.0 (registry+https://github.com/rust-lang/crates.io-index)" = "f4feac4ffcbc741236ab6ec6dc898c6889ac8b54c6a3378a9e81de233e12a8a9"
